// !$*UTF8*$!
{
	archiveVersion = 1;
	classes = {
	};
	objectVersion = 50;
	objects = {

/* Begin PBXBuildFile section */
		CEA993A924AB424A00C3D491 /* AppDelegate.swift in Sources */ = {isa = PBXBuildFile; fileRef = CEA993A824AB424A00C3D491 /* AppDelegate.swift */; };
		CEA993AB24AB424A00C3D491 /* SceneDelegate.swift in Sources */ = {isa = PBXBuildFile; fileRef = CEA993AA24AB424A00C3D491 /* SceneDelegate.swift */; };
		CEA993AD24AB424A00C3D491 /* ViewController.swift in Sources */ = {isa = PBXBuildFile; fileRef = CEA993AC24AB424A00C3D491 /* ViewController.swift */; };
		CEA993B024AB424A00C3D491 /* Main.storyboard in Resources */ = {isa = PBXBuildFile; fileRef = CEA993AE24AB424A00C3D491 /* Main.storyboard */; };
		CEA993B224AB424C00C3D491 /* Assets.xcassets in Resources */ = {isa = PBXBuildFile; fileRef = CEA993B124AB424C00C3D491 /* Assets.xcassets */; };
		CEA993B524AB424C00C3D491 /* LaunchScreen.storyboard in Resources */ = {isa = PBXBuildFile; fileRef = CEA993B324AB424C00C3D491 /* LaunchScreen.storyboard */; };
		CEA993C624AB631000C3D491 /* A.wav in Resources */ = {isa = PBXBuildFile; fileRef = CEA993BF24AB631000C3D491 /* A.wav */; };
		CEA993C724AB631000C3D491 /* C.wav in Resources */ = {isa = PBXBuildFile; fileRef = CEA993C024AB631000C3D491 /* C.wav */; };
		CEA993C824AB631000C3D491 /* B.wav in Resources */ = {isa = PBXBuildFile; fileRef = CEA993C124AB631000C3D491 /* B.wav */; };
		CEA993C924AB631000C3D491 /* F.wav in Resources */ = {isa = PBXBuildFile; fileRef = CEA993C224AB631000C3D491 /* F.wav */; };
		CEA993CA24AB631000C3D491 /* G.wav in Resources */ = {isa = PBXBuildFile; fileRef = CEA993C324AB631000C3D491 /* G.wav */; };
		CEA993CB24AB631000C3D491 /* E.wav in Resources */ = {isa = PBXBuildFile; fileRef = CEA993C424AB631000C3D491 /* E.wav */; };
		CEA993CC24AB631000C3D491 /* D.wav in Resources */ = {isa = PBXBuildFile; fileRef = CEA993C524AB631000C3D491 /* D.wav */; };
/* End PBXBuildFile section */

/* Begin PBXFileReference section */
		CEA993A524AB424A00C3D491 /* Xylophone.app */ = {isa = PBXFileReference; explicitFileType = wrapper.application; includeInIndex = 0; path = Xylophone.app; sourceTree = BUILT_PRODUCTS_DIR; };
		CEA993A824AB424A00C3D491 /* AppDelegate.swift */ = {isa = PBXFileReference; lastKnownFileType = sourcecode.swift; path = AppDelegate.swift; sourceTree = "<group>"; };
		CEA993AA24AB424A00C3D491 /* SceneDelegate.swift */ = {isa = PBXFileReference; lastKnownFileType = sourcecode.swift; path = SceneDelegate.swift; sourceTree = "<group>"; };
		CEA993AC24AB424A00C3D491 /* ViewController.swift */ = {isa = PBXFileReference; lastKnownFileType = sourcecode.swift; path = ViewController.swift; sourceTree = "<group>"; };
		CEA993AF24AB424A00C3D491 /* Base */ = {isa = PBXFileReference; lastKnownFileType = file.storyboard; name = Base; path = Base.lproj/Main.storyboard; sourceTree = "<group>"; };
		CEA993B124AB424C00C3D491 /* Assets.xcassets */ = {isa = PBXFileReference; lastKnownFileType = folder.assetcatalog; path = Assets.xcassets; sourceTree = "<group>"; };
		CEA993B424AB424C00C3D491 /* Base */ = {isa = PBXFileReference; lastKnownFileType = file.storyboard; name = Base; path = Base.lproj/LaunchScreen.storyboard; sourceTree = "<group>"; };
		CEA993B624AB424C00C3D491 /* Info.plist */ = {isa = PBXFileReference; lastKnownFileType = text.plist.xml; path = Info.plist; sourceTree = "<group>"; };
		CEA993BF24AB631000C3D491 /* A.wav */ = {isa = PBXFileReference; lastKnownFileType = audio.wav; path = A.wav; sourceTree = "<group>"; };
		CEA993C024AB631000C3D491 /* C.wav */ = {isa = PBXFileReference; lastKnownFileType = audio.wav; path = C.wav; sourceTree = "<group>"; };
		CEA993C124AB631000C3D491 /* B.wav */ = {isa = PBXFileReference; lastKnownFileType = audio.wav; path = B.wav; sourceTree = "<group>"; };
		CEA993C224AB631000C3D491 /* F.wav */ = {isa = PBXFileReference; lastKnownFileType = audio.wav; path = F.wav; sourceTree = "<group>"; };
		CEA993C324AB631000C3D491 /* G.wav */ = {isa = PBXFileReference; lastKnownFileType = audio.wav; path = G.wav; sourceTree = "<group>"; };
		CEA993C424AB631000C3D491 /* E.wav */ = {isa = PBXFileReference; lastKnownFileType = audio.wav; path = E.wav; sourceTree = "<group>"; };
		CEA993C524AB631000C3D491 /* D.wav */ = {isa = PBXFileReference; lastKnownFileType = audio.wav; path = D.wav; sourceTree = "<group>"; };
/* End PBXFileReference section */

/* Begin PBXFrameworksBuildPhase section */
		CEA993A224AB424A00C3D491 /* Frameworks */ = {
			isa = PBXFrameworksBuildPhase;
			buildActionMask = 2147483647;
			files = (
			);
			runOnlyForDeploymentPostprocessing = 0;
		};
/* End PBXFrameworksBuildPhase section */

/* Begin PBXGroup section */
		CEA9939C24AB424A00C3D491 = {
			isa = PBXGroup;
			children = (
				CEA993A724AB424A00C3D491 /* Xylophone */,
				CEA993A624AB424A00C3D491 /* Products */,
			);
			sourceTree = "<group>";
		};
		CEA993A624AB424A00C3D491 /* Products */ = {
			isa = PBXGroup;
			children = (
				CEA993A524AB424A00C3D491 /* Xylophone.app */,
			);
			name = Products;
			sourceTree = "<group>";
		};
		CEA993A724AB424A00C3D491 /* Xylophone */ = {
			isa = PBXGroup;
			children = (
				CEA993A824AB424A00C3D491 /* AppDelegate.swift */,
				CEA993AA24AB424A00C3D491 /* SceneDelegate.swift */,
				CEA993AC24AB424A00C3D491 /* ViewController.swift */,
				CEA993AE24AB424A00C3D491 /* Main.storyboard */,
				CEA993B124AB424C00C3D491 /* Assets.xcassets */,
				CEA993B324AB424C00C3D491 /* LaunchScreen.storyboard */,
				CEA993B624AB424C00C3D491 /* Info.plist */,
				CEA993BE24AB631000C3D491 /* Sounds */,
			);
			path = Xylophone;
			sourceTree = "<group>";
		};
		CEA993BE24AB631000C3D491 /* Sounds */ = {
			isa = PBXGroup;
			children = (
				CEA993BF24AB631000C3D491 /* A.wav */,
				CEA993C024AB631000C3D491 /* C.wav */,
				CEA993C124AB631000C3D491 /* B.wav */,
				CEA993C224AB631000C3D491 /* F.wav */,
				CEA993C324AB631000C3D491 /* G.wav */,
				CEA993C424AB631000C3D491 /* E.wav */,
				CEA993C524AB631000C3D491 /* D.wav */,
			);
			path = Sounds;
			sourceTree = "<group>";
		};
/* End PBXGroup section */

/* Begin PBXNativeTarget section */
		CEA993A424AB424A00C3D491 /* Xylophone */ = {
			isa = PBXNativeTarget;
			buildConfigurationList = CEA993B924AB424C00C3D491 /* Build configuration list for PBXNativeTarget "Xylophone" */;
			buildPhases = (
				CEA993A124AB424A00C3D491 /* Sources */,
				CEA993A224AB424A00C3D491 /* Frameworks */,
				CEA993A324AB424A00C3D491 /* Resources */,
			);
			buildRules = (
			);
			dependencies = (
			);
			name = Xylophone;
			productName = Xylophone;
			productReference = CEA993A524AB424A00C3D491 /* Xylophone.app */;
			productType = "com.apple.product-type.application";
		};
/* End PBXNativeTarget section */

/* Begin PBXProject section */
		CEA9939D24AB424A00C3D491 /* Project object */ = {
			isa = PBXProject;
			attributes = {
				LastSwiftUpdateCheck = 1150;
				LastUpgradeCheck = 1150;
				ORGANIZATIONNAME = "Justyna Kowalkowska";
				TargetAttributes = {
					CEA993A424AB424A00C3D491 = {
						CreatedOnToolsVersion = 11.5;
					};
				};
			};
			buildConfigurationList = CEA993A024AB424A00C3D491 /* Build configuration list for PBXProject "Xylophone" */;
			compatibilityVersion = "Xcode 9.3";
			developmentRegion = en;
			hasScannedForEncodings = 0;
			knownRegions = (
				en,
				Base,
			);
			mainGroup = CEA9939C24AB424A00C3D491;
			productRefGroup = CEA993A624AB424A00C3D491 /* Products */;
			projectDirPath = "";
			projectRoot = "";
			targets = (
				CEA993A424AB424A00C3D491 /* Xylophone */,
			);
		};
/* End PBXProject section */

/* Begin PBXResourcesBuildPhase section */
		CEA993A324AB424A00C3D491 /* Resources */ = {
			isa = PBXResourcesBuildPhase;
			buildActionMask = 2147483647;
			files = (
				CEA993CA24AB631000C3D491 /* G.wav in Resources */,
				CEA993B524AB424C00C3D491 /* LaunchScreen.storyboard in Resources */,
				CEA993C924AB631000C3D491 /* F.wav in Resources */,
				CEA993B224AB424C00C3D491 /* Assets.xcassets in Resources */,
				CEA993C624AB631000C3D491 /* A.wav in Resources */,
				CEA993C824AB631000C3D491 /* B.wav in Resources */,
				CEA993CB24AB631000C3D491 /* E.wav in Resources */,
				CEA993CC24AB631000C3D491 /* D.wav in Resources */,
				CEA993B024AB424A00C3D491 /* Main.storyboard in Resources */,
				CEA993C724AB631000C3D491 /* C.wav in Resources */,
			);
			runOnlyForDeploymentPostprocessing = 0;
		};
/* End PBXResourcesBuildPhase section */

/* Begin PBXSourcesBuildPhase section */
		CEA993A124AB424A00C3D491 /* Sources */ = {
			isa = PBXSourcesBuildPhase;
			buildActionMask = 2147483647;
			files = (
				CEA993AD24AB424A00C3D491 /* ViewController.swift in Sources */,
				CEA993A924AB424A00C3D491 /* AppDelegate.swift in Sources */,
				CEA993AB24AB424A00C3D491 /* SceneDelegate.swift in Sources */,
			);
			runOnlyForDeploymentPostprocessing = 0;
		};
/* End PBXSourcesBuildPhase section */

/* Begin PBXVariantGroup section */
		CEA993AE24AB424A00C3D491 /* Main.storyboard */ = {
			isa = PBXVariantGroup;
			children = (
				CEA993AF24AB424A00C3D491 /* Base */,
			);
			name = Main.storyboard;
			sourceTree = "<group>";
		};
		CEA993B324AB424C00C3D491 /* LaunchScreen.storyboard */ = {
			isa = PBXVariantGroup;
			children = (
				CEA993B424AB424C00C3D491 /* Base */,
			);
			name = LaunchScreen.storyboard;
			sourceTree = "<group>";
		};
/* End PBXVariantGroup section */

/* Begin XCBuildConfiguration section */
		CEA993B724AB424C00C3D491 /* Debug */ = {
			isa = XCBuildConfiguration;
			buildSettings = {
				ALWAYS_SEARCH_USER_PATHS = NO;
				CLANG_ANALYZER_NONNULL = YES;
				CLANG_ANALYZER_NUMBER_OBJECT_CONVERSION = YES_AGGRESSIVE;
				CLANG_CXX_LANGUAGE_STANDARD = "gnu++14";
				CLANG_CXX_LIBRARY = "libc++";
				CLANG_ENABLE_MODULES = YES;
				CLANG_ENABLE_OBJC_ARC = YES;
				CLANG_ENABLE_OBJC_WEAK = YES;
				CLANG_WARN_BLOCK_CAPTURE_AUTORELEASING = YES;
				CLANG_WARN_BOOL_CONVERSION = YES;
				CLANG_WARN_COMMA = YES;
				CLANG_WARN_CONSTANT_CONVERSION = YES;
				CLANG_WARN_DEPRECATED_OBJC_IMPLEMENTATIONS = YES;
				CLANG_WARN_DIRECT_OBJC_ISA_USAGE = YES_ERROR;
				CLANG_WARN_DOCUMENTATION_COMMENTS = YES;
				CLANG_WARN_EMPTY_BODY = YES;
				CLANG_WARN_ENUM_CONVERSION = YES;
				CLANG_WARN_INFINITE_RECURSION = YES;
				CLANG_WARN_INT_CONVERSION = YES;
				CLANG_WARN_NON_LITERAL_NULL_CONVERSION = YES;
				CLANG_WARN_OBJC_IMPLICIT_RETAIN_SELF = YES;
				CLANG_WARN_OBJC_LITERAL_CONVERSION = YES;
				CLANG_WARN_OBJC_ROOT_CLASS = YES_ERROR;
				CLANG_WARN_RANGE_LOOP_ANALYSIS = YES;
				CLANG_WARN_STRICT_PROTOTYPES = YES;
				CLANG_WARN_SUSPICIOUS_MOVE = YES;
				CLANG_WARN_UNGUARDED_AVAILABILITY = YES_AGGRESSIVE;
				CLANG_WARN_UNREACHABLE_CODE = YES;
				CLANG_WARN__DUPLICATE_METHOD_MATCH = YES;
				COPY_PHASE_STRIP = NO;
				DEBUG_INFORMATION_FORMAT = dwarf;
				ENABLE_STRICT_OBJC_MSGSEND = YES;
				ENABLE_TESTABILITY = YES;
				GCC_C_LANGUAGE_STANDARD = gnu11;
				GCC_DYNAMIC_NO_PIC = NO;
				GCC_NO_COMMON_BLOCKS = YES;
				GCC_OPTIMIZATION_LEVEL = 0;
				GCC_PREPROCESSOR_DEFINITIONS = (
					"DEBUG=1",
					"$(inherited)",
				);
				GCC_WARN_64_TO_32_BIT_CONVERSION = YES;
				GCC_WARN_ABOUT_RETURN_TYPE = YES_ERROR;
				GCC_WARN_UNDECLARED_SELECTOR = YES;
				GCC_WARN_UNINITIALIZED_AUTOS = YES_AGGRESSIVE;
				GCC_WARN_UNUSED_FUNCTION = YES;
				GCC_WARN_UNUSED_VARIABLE = YES;
				IPHONEOS_DEPLOYMENT_TARGET = 13.5;
				MTL_ENABLE_DEBUG_INFO = INCLUDE_SOURCE;
				MTL_FAST_MATH = YES;
				ONLY_ACTIVE_ARCH = YES;
				SDKROOT = iphoneos;
				SWIFT_ACTIVE_COMPILATION_CONDITIONS = DEBUG;
				SWIFT_OPTIMIZATION_LEVEL = "-Onone";
			};
			name = Debug;
		};
		CEA993B824AB424C00C3D491 /* Release */ = {
			isa = XCBuildConfiguration;
			buildSettings = {
				ALWAYS_SEARCH_USER_PATHS = NO;
				CLANG_ANALYZER_NONNULL = YES;
				CLANG_ANALYZER_NUMBER_OBJECT_CONVERSION = YES_AGGRESSIVE;
				CLANG_CXX_LANGUAGE_STANDARD = "gnu++14";
				CLANG_CXX_LIBRARY = "libc++";
				CLANG_ENABLE_MODULES = YES;
				CLANG_ENABLE_OBJC_ARC = YES;
				CLANG_ENABLE_OBJC_WEAK = YES;
				CLANG_WARN_BLOCK_CAPTURE_AUTORELEASING = YES;
				CLANG_WARN_BOOL_CONVERSION = YES;
				CLANG_WARN_COMMA = YES;
				CLANG_WARN_CONSTANT_CONVERSION = YES;
				CLANG_WARN_DEPRECATED_OBJC_IMPLEMENTATIONS = YES;
				CLANG_WARN_DIRECT_OBJC_ISA_USAGE = YES_ERROR;
				CLANG_WARN_DOCUMENTATION_COMMENTS = YES;
				CLANG_WARN_EMPTY_BODY = YES;
				CLANG_WARN_ENUM_CONVERSION = YES;
				CLANG_WARN_INFINITE_RECURSION = YES;
				CLANG_WARN_INT_CONVERSION = YES;
				CLANG_WARN_NON_LITERAL_NULL_CONVERSION = YES;
				CLANG_WARN_OBJC_IMPLICIT_RETAIN_SELF = YES;
				CLANG_WARN_OBJC_LITERAL_CONVERSION = YES;
				CLANG_WARN_OBJC_ROOT_CLASS = YES_ERROR;
				CLANG_WARN_RANGE_LOOP_ANALYSIS = YES;
				CLANG_WARN_STRICT_PROTOTYPES = YES;
				CLANG_WARN_SUSPICIOUS_MOVE = YES;
				CLANG_WARN_UNGUARDED_AVAILABILITY = YES_AGGRESSIVE;
				CLANG_WARN_UNREACHABLE_CODE = YES;
				CLANG_WARN__DUPLICATE_METHOD_MATCH = YES;
				COPY_PHASE_STRIP = NO;
				DEBUG_INFORMATION_FORMAT = "dwarf-with-dsym";
				ENABLE_NS_ASSERTIONS = NO;
				ENABLE_STRICT_OBJC_MSGSEND = YES;
				GCC_C_LANGUAGE_STANDARD = gnu11;
				GCC_NO_COMMON_BLOCKS = YES;
				GCC_WARN_64_TO_32_BIT_CONVERSION = YES;
				GCC_WARN_ABOUT_RETURN_TYPE = YES_ERROR;
				GCC_WARN_UNDECLARED_SELECTOR = YES;
				GCC_WARN_UNINITIALIZED_AUTOS = YES_AGGRESSIVE;
				GCC_WARN_UNUSED_FUNCTION = YES;
				GCC_WARN_UNUSED_VARIABLE = YES;
				IPHONEOS_DEPLOYMENT_TARGET = 13.5;
				MTL_ENABLE_DEBUG_INFO = NO;
				MTL_FAST_MATH = YES;
				SDKROOT = iphoneos;
				SWIFT_COMPILATION_MODE = wholemodule;
				SWIFT_OPTIMIZATION_LEVEL = "-O";
				VALIDATE_PRODUCT = YES;
			};
			name = Release;
		};
		CEA993BA24AB424C00C3D491 /* Debug */ = {
			isa = XCBuildConfiguration;
			buildSettings = {
				ASSETCATALOG_COMPILER_APPICON_NAME = AppIcon;
				CODE_SIGN_STYLE = Automatic;
				DEVELOPMENT_TEAM = Z56UVR5Q3Z;
				INFOPLIST_FILE = Xylophone/Info.plist;
				LD_RUNPATH_SEARCH_PATHS = (
					"$(inherited)",
					"@executable_path/Frameworks",
				);
				PRODUCT_BUNDLE_IDENTIFIER = com.justynakowalkowska.Xylophone;
				PRODUCT_NAME = "$(TARGET_NAME)";
				SWIFT_VERSION = 5.0;
				TARGETED_DEVICE_FAMILY = "1,2";
			};
			name = Debug;
		};
		CEA993BB24AB424C00C3D491 /* Release */ = {
			isa = XCBuildConfiguration;
			buildSettings = {
				ASSETCATALOG_COMPILER_APPICON_NAME = AppIcon;
				CODE_SIGN_STYLE = Automatic;
				DEVELOPMENT_TEAM = Z56UVR5Q3Z;
				INFOPLIST_FILE = Xylophone/Info.plist;
				LD_RUNPATH_SEARCH_PATHS = (
					"$(inherited)",
					"@executable_path/Frameworks",
				);
				PRODUCT_BUNDLE_IDENTIFIER = com.justynakowalkowska.Xylophone;
				PRODUCT_NAME = "$(TARGET_NAME)";
				SWIFT_VERSION = 5.0;
				TARGETED_DEVICE_FAMILY = "1,2";
			};
			name = Release;
		};
/* End XCBuildConfiguration section */

/* Begin XCConfigurationList section */
		CEA993A024AB424A00C3D491 /* Build configuration list for PBXProject "Xylophone" */ = {
			isa = XCConfigurationList;
			buildConfigurations = (
				CEA993B724AB424C00C3D491 /* Debug */,
				CEA993B824AB424C00C3D491 /* Release */,
			);
			defaultConfigurationIsVisible = 0;
			defaultConfigurationName = Release;
		};
		CEA993B924AB424C00C3D491 /* Build configuration list for PBXNativeTarget "Xylophone" */ = {
			isa = XCConfigurationList;
			buildConfigurations = (
				CEA993BA24AB424C00C3D491 /* Debug */,
				CEA993BB24AB424C00C3D491 /* Release */,
			);
			defaultConfigurationIsVisible = 0;
			defaultConfigurationName = Release;
		};
/* End XCConfigurationList section */
	};
	rootObject = CEA9939D24AB424A00C3D491 /* Project object */;
}
